
Microsoft Visual Studio Solution File, Format Version 12.00
# Visual Studio Version 17
VisualStudioVersion = 17.6.33801.468
MinimumVisualStudioVersion = 10.0.40219.1
Project("{FAE04EC0-301F-11D3-BF4B-00C04F79EFBC}") = "WinFormsApp1", "WinFormsApp1\WinFormsApp1.csproj", "{B319DD95-55E6-4384-A47E-580D56649862}"
EndProject
Global
	GlobalSection(SolutionConfigurationPlatforms) = preSolution
		Debug|Any CPU = Debug|Any CPU
		Release|Any CPU = Release|Any CPU
	EndGlobalSection
	GlobalSection(ProjectConfigurationPlatforms) = postSolution
		{B319DD95-55E6-4384-A47E-580D56649862}.Debug|Any CPU.ActiveCfg = Debug|Any CPU
		{B319DD95-55E6-4384-A47E-580D56649862}.Debug|Any CPU.Build.0 = Debug|Any CPU
		{B319DD95-55E6-4384-A47E-580D56649862}.Release|Any CPU.ActiveCfg = Release|Any CPU
		{B319DD95-55E6-4384-A47E-580D56649862}.Release|Any CPU.Build.0 = Release|Any CPU
	EndGlobalSection
	GlobalSection(SolutionProperties) = preSolution
		HideSolutionNode = FALSE
	EndGlobalSection
	GlobalSection(ExtensibilityGlobals) = postSolution
		SolutionGuid = {E70C2462-DC6C-4535-9E2F-BC2E388800EC}
	EndGlobalSection
EndGlobal
